
Microsoft Visual Studio Solution File, Format Version 12.00
# Visual Studio Version 17
VisualStudioVersion = 17.5.002.0
MinimumVisualStudioVersion = 10.0.40219.1
Project("{9A19103F-16F7-4668-BE54-9A1E7A4F7556}") = "EX_1", "EX_1\EX_1.csproj", "{42C616D8-110E-4283-AB39-A9D52ED36E7E}"
EndProject
Global
	GlobalSection(SolutionConfigurationPlatforms) = preSolution
		Debug|Any CPU = Debug|Any CPU
		Release|Any CPU = Release|Any CPU
	EndGlobalSection
	GlobalSection(ProjectConfigurationPlatforms) = postSolution
		{42C616D8-110E-4283-AB39-A9D52ED36E7E}.Debug|Any CPU.ActiveCfg = Debug|Any CPU
		{42C616D8-110E-4283-AB39-A9D52ED36E7E}.Debug|Any CPU.Build.0 = Debug|Any CPU
		{42C616D8-110E-4283-AB39-A9D52ED36E7E}.Release|Any CPU.ActiveCfg = Release|Any CPU
		{42C616D8-110E-4283-AB39-A9D52ED36E7E}.Release|Any CPU.Build.0 = Release|Any CPU
	EndGlobalSection
	GlobalSection(SolutionProperties) = preSolution
		HideSolutionNode = FALSE
	EndGlobalSection
	GlobalSection(ExtensibilityGlobals) = postSolution
		SolutionGuid = {16A1A2D7-41A7-458A-97BF-35ADD7EF62D1}
	EndGlobalSection
EndGlobal
