
Microsoft Visual Studio Solution File, Format Version 12.00
# Visual Studio Version 17
VisualStudioVersion = 17.5.002.0
MinimumVisualStudioVersion = 10.0.40219.1
Project("{9A19103F-16F7-4668-BE54-9A1E7A4F7556}") = "AT_8", "AT_8.csproj", "{7E8691CD-EC40-48B6-A38C-250952E08BE4}"
EndProject
Global
	GlobalSection(SolutionConfigurationPlatforms) = preSolution
		Debug|Any CPU = Debug|Any CPU
		Release|Any CPU = Release|Any CPU
	EndGlobalSection
	GlobalSection(ProjectConfigurationPlatforms) = postSolution
		{7E8691CD-EC40-48B6-A38C-250952E08BE4}.Debug|Any CPU.ActiveCfg = Debug|Any CPU
		{7E8691CD-EC40-48B6-A38C-250952E08BE4}.Debug|Any CPU.Build.0 = Debug|Any CPU
		{7E8691CD-EC40-48B6-A38C-250952E08BE4}.Release|Any CPU.ActiveCfg = Release|Any CPU
		{7E8691CD-EC40-48B6-A38C-250952E08BE4}.Release|Any CPU.Build.0 = Release|Any CPU
	EndGlobalSection
	GlobalSection(SolutionProperties) = preSolution
		HideSolutionNode = FALSE
	EndGlobalSection
	GlobalSection(ExtensibilityGlobals) = postSolution
		SolutionGuid = {DD1227D5-0D5F-441C-B164-34176C647628}
	EndGlobalSection
EndGlobal
